{
  "name": "plugins-example",
  "version": "1.0.0",
  "lockfileVersion": 1,
  "dependencies": {
    "@vvakame/typescript-plugin-example": {
      "version": "1.1.0",
      "resolved": "https://registry.npmjs.org/@vvakame/typescript-plugin-example/-/typescript-plugin-example-1.1.0.tgz",
      "integrity": "sha512-92ujZIN9USM3VpxAh3DaVHALgQsP8Y2QC7dJQdplGlcECGUcXbOC6WO/jFAp8O3Oi+cycclUqSKzxUEv5N/b0w==",
      "dev": true
    }
  }
}
